# THIS IS AN AUTOGENERATED FILE. DO NOT EDIT THIS FILE DIRECTLY.
# yarn lockfile v1


"@ant-design/colors@^6.0.0":
  "integrity" "sha512-qAZRvPzfdWHtfameEGP2Qvuf838NhergR35o+EuVyB5XvSA98xod5r4utvi4TJ3ywmevm290g9nsCG5MryrdWQ== sha1-m5NmJXz/zEfbQrnQIDu1ksE8Apg="
  "resolved" "https://registry.nlark.com/@ant-design/colors/download/@ant-design/colors-6.0.0.tgz"
  "version" "6.0.0"
  dependencies:
    "@ctrl/tinycolor" "^3.4.0"

"@ant-design/icons-svg@^4.0.0":
  "integrity" "sha512-Fi03PfuUqRs76aI3UWYpP864lkrfPo0hluwGqh7NJdLhvH4iRDc3jbJqZIvRDLHKbXrvAfPPV3+zjUccfFvWOQ== sha1-SAsCX0sg73/o9H1KSEbk/uhOoGw="
  "resolved" "https://registry.nlark.com/@ant-design/icons-svg/download/@ant-design/icons-svg-4.1.0.tgz"
  "version" "4.1.0"

"@ant-design/icons@^4.6.2":
  "integrity" "sha512-QsBG2BxBYU/rxr2eb8b2cZ4rPKAPBpzAR+0v6rrZLp/lnyvflLH3tw1vregK+M7aJauGWjIGNdFmUfpAOtw25A== sha1-KQ8ujN5QWrCB/aY+UR6C08SL6YI="
  "resolved" "https://registry.nlark.com/@ant-design/icons/download/@ant-design/icons-4.6.2.tgz"
  "version" "4.6.2"
  dependencies:
    "@ant-design/colors" "^6.0.0"
    "@ant-design/icons-svg" "^4.0.0"
    "@babel/runtime" "^7.11.2"
    "classnames" "^2.2.6"
    "rc-util" "^5.9.4"

"@ant-design/react-slick@~0.28.1":
  "integrity" "sha512-u3onF2VevGRbkGbgpldVX/nzd7LFtLeZJE0x2xIFT2qYHKkJZ6QT/jQ7KqYK4UpeTndoyrbMqLN4DiJza4BVBg== sha1-rVzxz1A2PBo4QodNadDOHyZpbnE="
  "resolved" "https://registry.nlark.com/@ant-design/react-slick/download/@ant-design/react-slick-0.28.3.tgz"
  "version" "0.28.3"
  dependencies:
    "@babel/runtime" "^7.10.4"
    "classnames" "^2.2.5"
    "json2mq" "^0.2.0"
    "lodash" "^4.17.21"
    "resize-observer-polyfill" "^1.5.0"

"@babel/runtime@^7.10.1", "@babel/runtime@^7.10.2", "@babel/runtime@^7.10.4", "@babel/runtime@^7.11.1", "@babel/runtime@^7.11.2", "@babel/runtime@^7.12.5", "@babel/runtime@^7.8.4":
  "integrity" "sha512-/PCB2uJ7oM44tz8YhC4Z/6PeOKXp4K588f+5M3clr1M4zbqztlo0XEfJ2LEzj/FgwfgGcIdl8n7YYjTCI0BYwg== sha1-U1IDvAiS78fexgvcJ7Ls9uQJBi0="
  "resolved" "https://registry.nlark.com/@babel/runtime/download/@babel/runtime-7.14.6.tgz"
  "version" "7.14.6"
  dependencies:
    "regenerator-runtime" "^0.13.4"

"@ctrl/tinycolor@^3.4.0":
  "integrity" "sha512-JZButFdZ1+/xAfpguQHoabIXkcqRRKpMrWKBkpEZZyxfY9C1DpADFB8PEqGSTeFr135SaTRfKqGKx5xSCLI7ZQ== sha1-w8WuVDyJfKqcKmhjC+01W+X5mQ8="
  "resolved" "https://registry.npm.taobao.org/@ctrl/tinycolor/download/@ctrl/tinycolor-3.4.0.tgz"
  "version" "3.4.0"

"@types/prop-types@*":
  "integrity" "sha512-rZ5drC/jWjrArrS8BR6SIr4cWpW09RNTYt9AMZo3Jwwif+iacXAqgVjm0B0Bv/S1jhDXKHqRVNCbACkJ89RAnQ== sha1-/PcgXCXf95Xuea8eMNosl5CAjxE="
  "resolved" "https://registry.nlark.com/@types/prop-types/download/@types/prop-types-15.7.4.tgz"
  "version" "15.7.4"

"@types/react@^17.0.14":
  "integrity" "sha512-0WwKHUbWuQWOce61UexYuWTGuGY/8JvtUe/dtQ6lR4sZ3UiylHotJeWpf3ArP9+DSGUoLY3wbU59VyMrJps5VQ== sha1-8GKXYcoClFxOj+qZuBd/TFxh+w8="
  "resolved" "https://registry.nlark.com/@types/react/download/@types/react-17.0.14.tgz"
  "version" "17.0.14"
  dependencies:
    "@types/prop-types" "*"
    "@types/scheduler" "*"
    "csstype" "^3.0.2"

"@types/scheduler@*":
  "integrity" "sha512-hppQEBDmlwhFAXKJX2KnWLYu5yMfi91yazPb2l+lbJiwW+wdo1gNeRA+3RgNSO39WYX2euey41KEwnqesU2Jew== sha1-GmL4lSVyPd4kuhsBsJK/XfitTTk="
  "resolved" "https://registry.nlark.com/@types/scheduler/download/@types/scheduler-0.16.2.tgz"
  "version" "0.16.2"

"antd@^4.16.7":
  "integrity" "sha512-xM1zheIYvS/0x05sM3Yj5cwBu6TjzS7RdwQug1bgbtDAk94dacuFvdLa4PjsvEiG6kz0uNzaaIaDBis7LRH5hA== sha1-CoH4RutrNWFZg50YJHtxPQS1JtY="
  "resolved" "https://registry.nlark.com/antd/download/antd-4.16.8.tgz"
  "version" "4.16.8"
  dependencies:
    "@ant-design/colors" "^6.0.0"
    "@ant-design/icons" "^4.6.2"
    "@ant-design/react-slick" "~0.28.1"
    "@babel/runtime" "^7.12.5"
    "array-tree-filter" "^2.1.0"
    "classnames" "^2.2.6"
    "copy-to-clipboard" "^3.2.0"
    "lodash" "^4.17.21"
    "moment" "^2.25.3"
    "rc-cascader" "~1.4.0"
    "rc-checkbox" "~2.3.0"
    "rc-collapse" "~3.1.0"
    "rc-dialog" "~8.5.1"
    "rc-drawer" "~4.3.0"
    "rc-dropdown" "~3.2.0"
    "rc-field-form" "~1.20.0"
    "rc-image" "~5.2.4"
    "rc-input-number" "~7.1.0"
    "rc-mentions" "~1.6.1"
    "rc-menu" "~9.0.12"
    "rc-motion" "^2.4.0"
    "rc-notification" "~4.5.7"
    "rc-pagination" "~3.1.6"
    "rc-picker" "~2.5.10"
    "rc-progress" "~3.1.0"
    "rc-rate" "~2.9.0"
    "rc-resize-observer" "^1.0.0"
    "rc-select" "~12.1.6"
    "rc-slider" "~9.7.1"
    "rc-steps" "~4.1.0"
    "rc-switch" "~3.2.0"
    "rc-table" "~7.15.1"
    "rc-tabs" "~11.9.1"
    "rc-textarea" "~0.3.0"
    "rc-tooltip" "~5.1.1"
    "rc-tree" "~4.2.1"
    "rc-tree-select" "~4.3.0"
    "rc-trigger" "^5.2.1"
    "rc-upload" "~4.3.0"
    "rc-util" "^5.13.1"
    "scroll-into-view-if-needed" "^2.2.25"
    "warning" "^4.0.3"

"array-tree-filter@^2.1.0":
  "integrity" "sha512-4ROwICNlNw/Hqa9v+rk5h22KjmzB1JGTMVKP2AKJBOCgb0yL0ASf0+YvCcLNNwquOHNX48jkeZIJ3a+oOQqKcw== sha1-hzrAD+yDdJ8lWsjdCDgUtPYykZA="
  "resolved" "https://registry.npm.taobao.org/array-tree-filter/download/array-tree-filter-2.1.0.tgz"
  "version" "2.1.0"

"async-validator@^3.0.3":
  "integrity" "sha512-8eLCg00W9pIRZSB781UUX/H6Oskmm8xloZfr09lz5bikRpBVDlJ3hRVuxxP1SxcwsEYfJ4IU8Q19Y8/893r3rQ== sha1-aOhmqWgk6LJpT/eoMcGiXETV5QA="
  "resolved" "https://registry.nlark.com/async-validator/download/async-validator-3.5.2.tgz"
  "version" "3.5.2"

"balanced-match@^1.0.0":
  "integrity" "sha1-6D46fj8wCzTLnYf2FfoMvzV2kO4="
  "resolved" "https://registry.npm.taobao.org/balanced-match/download/balanced-match-1.0.2.tgz"
  "version" "1.0.2"

"brace-expansion@^1.1.7":
  "integrity" "sha1-PH/L9SnYcibz0vUrlm/1Jx60Qd0="
  "resolved" "https://registry.npm.taobao.org/brace-expansion/download/brace-expansion-1.1.11.tgz"
  "version" "1.1.11"
  dependencies:
    "balanced-match" "^1.0.0"
    "concat-map" "0.0.1"

"classnames@^2.2.1", "classnames@^2.2.3", "classnames@^2.2.5", "classnames@^2.2.6", "classnames@^2.3.1", "classnames@2.x":
  "integrity" "sha512-OlQdbZ7gLfGarSqxesMesDa5uz7KFbID8Kpq/SxIoNGDqY8lSYs0D+hhtBXhcdB3rcbXArFr7vlHheLk1voeNA== sha1-38+jiR4wbsHa0QXQ6I9EF7hTXo4="
  "resolved" "https://registry.npm.taobao.org/classnames/download/classnames-2.3.1.tgz"
  "version" "2.3.1"

"compute-scroll-into-view@^1.0.17":
  "integrity" "sha512-j4dx+Fb0URmzbwwMUrhqWM2BEWHdFGx+qZ9qqASHRPqvTYdqvWnHg0H1hIbcyLnvgnoNAVMlwkepyqM3DaIFUg== sha1-aojxis2dQunPS6pr7H4FImB6t6s="
  "resolved" "https://registry.npm.taobao.org/compute-scroll-into-view/download/compute-scroll-into-view-1.0.17.tgz"
  "version" "1.0.17"

"concat-map@0.0.1":
  "integrity" "sha1-2Klr13/Wjfd5OnMDajug1UBdR3s="
  "resolved" "https://registry.npm.taobao.org/concat-map/download/concat-map-0.0.1.tgz"
  "version" "0.0.1"

"copy-to-clipboard@^3.2.0":
  "integrity" "sha512-i13qo6kIHTTpCm8/Wup+0b1mVWETvu2kIMzKoK8FpkLkFxlt0znUAHcMzox+T8sPlqtZXq3CulEjQHsYiGFJUw== sha1-EVqhqZmP+rYZb5MHatbaO5E2Yq4="
  "resolved" "https://registry.npm.taobao.org/copy-to-clipboard/download/copy-to-clipboard-3.3.1.tgz"
  "version" "3.3.1"
  dependencies:
    "toggle-selection" "^1.0.6"

"csstype@^3.0.2":
  "integrity" "sha512-jXKhWqXPmlUeoQnF/EhTtTl4C9SnrxSH/jZUih3jmO6lBKr99rP3/+FmrMj4EFpOXzMtXHAZkd3x0E6h6Fgflw== sha1-0iZqeScp+yJ80hb7Vy9Dco4a00A="
  "resolved" "https://registry.nlark.com/csstype/download/csstype-3.0.8.tgz"
  "version" "3.0.8"

"date-fns@2.x":
  "integrity" "sha512-yUFPQjrxEmIsMqlHhAhmxkuH769baF21Kk+nZwZGyrMoyLA+LugaQtC0+Tqf9CBUUULWwUJt6Q5ySI3LJDDCGg== sha1-Hlr5WYMeux2CmSv2e3ZQUtjw78Q="
  "resolved" "https://registry.nlark.com/date-fns/download/date-fns-2.22.1.tgz"
  "version" "2.22.1"

"dayjs@1.x":
  "integrity" "sha512-AztC/IOW4L1Q41A86phW5Thhcrco3xuAA+YX/BLpLWWjRcTj5TOt/QImBLmCKlrF7u7k47arTnOyL6GnbG8Hvw== sha1-KIsqqC8thBimydTfWJjAc3rQKmM="
  "resolved" "https://registry.nlark.com/dayjs/download/dayjs-1.10.6.tgz"
  "version" "1.10.6"

"dom-align@^1.7.0":
  "integrity" "sha512-pHuazgqrsTFrGU2WLDdXxCFabkdQDx72ddkraZNih1KsMcN5qsRSTR9O4VJRlwTPCPb5COYg3LOfiMHHcPInHg== sha1-D4Fk69DJwhsMeQMQSTzYVYkqzUs="
  "resolved" "https://registry.nlark.com/dom-align/download/dom-align-1.12.2.tgz"
  "version" "1.12.2"

"fs.realpath@^1.0.0":
  "integrity" "sha1-FQStJSMVjKpA20onh8sBQRmU6k8="
  "resolved" "https://registry.npm.taobao.org/fs.realpath/download/fs.realpath-1.0.0.tgz"
  "version" "1.0.0"

"glob@^7.1.3":
  "integrity" "sha1-Oxk+kjPwHULQs/eClLvutBj5SpA="
  "resolved" "https://registry.nlark.com/glob/download/glob-7.1.7.tgz"
  "version" "7.1.7"
  dependencies:
    "fs.realpath" "^1.0.0"
    "inflight" "^1.0.4"
    "inherits" "2"
    "minimatch" "^3.0.4"
    "once" "^1.3.0"
    "path-is-absolute" "^1.0.0"

"inflight@^1.0.4":
  "integrity" "sha1-Sb1jMdfQLQwJvJEKEHW6gWW1bfk="
  "resolved" "https://registry.nlark.com/inflight/download/inflight-1.0.6.tgz"
  "version" "1.0.6"
  dependencies:
    "once" "^1.3.0"
    "wrappy" "1"

"inherits@2":
  "integrity" "sha1-D6LGT5MpF8NDOg3tVTY6rjdBa3w="
  "resolved" "https://registry.npm.taobao.org/inherits/download/inherits-2.0.4.tgz"
  "version" "2.0.4"

"js-tokens@^3.0.0 || ^4.0.0":
  "integrity" "sha512-RdJUflcE3cUzKiMqQgsCu06FPu9UdIJO0beYbPhHN4k6apgJtifcoCtT9bcxOpYBtpD2kCM6Sbzg4CausW/PKQ== sha1-GSA/tZmR35jjoocFDUZHzerzJJk="
  "resolved" "https://registry.nlark.com/js-tokens/download/js-tokens-4.0.0.tgz"
  "version" "4.0.0"

"json2mq@^0.2.0":
  "integrity" "sha1-tje9O6nqvhIsg+lyBIOusQ0skEo="
  "resolved" "https://registry.nlark.com/json2mq/download/json2mq-0.2.0.tgz"
  "version" "0.2.0"
  dependencies:
    "string-convert" "^0.2.0"

"lodash@^4.17.21":
  "integrity" "sha512-v2kDEe57lecTulaDIuNTPy3Ry4gLGJ6Z1O3vE1krgXZNrsQ+LFTGHVxVjcXPs17LhbZVGedAJv8XZ1tvj5FvSg== sha1-Z5WRxWTDv/quhFTPCz3zcMPWkRw="
  "resolved" "https://registry.npm.taobao.org/lodash/download/lodash-4.17.21.tgz"
  "version" "4.17.21"

"loose-envify@^1.0.0", "loose-envify@^1.1.0":
  "integrity" "sha512-lyuxPGr/Wfhrlem2CL/UcnUc1zcqKAImBDzukY7Y5F/yQiNdko6+fRLevlw1HgMySw7f611UIY408EtxRSoK3Q== sha1-ce5R+nvkyuwaY4OffmgtgTLTDK8="
  "resolved" "https://registry.nlark.com/loose-envify/download/loose-envify-1.4.0.tgz"
  "version" "1.4.0"
  dependencies:
    "js-tokens" "^3.0.0 || ^4.0.0"

"minimatch@^3.0.4":
  "integrity" "sha1-UWbihkV/AzBgZL5Ul+jbsMPTIIM="
  "resolved" "https://registry.nlark.com/minimatch/download/minimatch-3.0.4.tgz"
  "version" "3.0.4"
  dependencies:
    "brace-expansion" "^1.1.7"

"moment@^2.24.0", "moment@^2.25.3":
  "integrity" "sha512-kHmoybcPV8Sqy59DwNDY3Jefr64lK/by/da0ViFcuA4DH0vQg5Q6Ze5VimxkfQNSC+Mls/Kx53s7TjP1RhFEDQ== sha1-sr52n6MZQL6e7qZGnAdeNQBvo9M="
  "resolved" "https://registry.npm.taobao.org/moment/download/moment-2.29.1.tgz"
  "version" "2.29.1"

"object-assign@^4.1.1":
  "integrity" "sha1-IQmtx5ZYh8/AXLvUQsrIv7s2CGM="
  "resolved" "https://registry.npm.taobao.org/object-assign/download/object-assign-4.1.1.tgz"
  "version" "4.1.1"

"once@^1.3.0":
  "integrity" "sha1-WDsap3WWHUsROsF9nFC6753Xa9E="
  "resolved" "https://registry.npm.taobao.org/once/download/once-1.4.0.tgz"
  "version" "1.4.0"
  dependencies:
    "wrappy" "1"

"path-is-absolute@^1.0.0":
  "integrity" "sha1-F0uSaHNVNP+8es5r9TpanhtcX18="
  "resolved" "https://registry.nlark.com/path-is-absolute/download/path-is-absolute-1.0.1.tgz"
  "version" "1.0.1"

"rc-align@^4.0.0":
  "integrity" "sha512-myAM2R4qoB6LqBul0leaqY8gFaiECDJ3MtQDmzDo9xM9NRT/04TvWOYd2YHU9zvGzqk9QXF6S9/MifzSKDZeMw== sha1-RtiAHEoTn/amWtFnTo786smPhfI="
  "resolved" "https://registry.npm.taobao.org/rc-align/download/rc-align-4.0.9.tgz"
  "version" "4.0.9"
  dependencies:
    "@babel/runtime" "^7.10.1"
    "classnames" "2.x"
    "dom-align" "^1.7.0"
    "rc-util" "^5.3.0"
    "resize-observer-polyfill" "^1.5.1"

"rc-cascader@~1.4.0":
  "integrity" "sha512-Q4l9Mv8aaISJ+giVnM9IaXxDeMqHUGLvi4F+LksS6pHlaKlN4awop/L+IMjIXpL+ug/ojaCyv/ixcVopJYYCVA== sha1-2RsNz4FXtg6+nsPli02wVNUplGQ="
  "resolved" "https://registry.nlark.com/rc-cascader/download/rc-cascader-1.4.3.tgz"
  "version" "1.4.3"
  dependencies:
    "@babel/runtime" "^7.12.5"
    "array-tree-filter" "^2.1.0"
    "rc-trigger" "^5.0.4"
    "rc-util" "^5.0.1"
    "warning" "^4.0.1"

"rc-checkbox@~2.3.0":
  "integrity" "sha512-afVi1FYiGv1U0JlpNH/UaEXdh6WUJjcWokj/nUN2TgG80bfG+MDdbfHKlLcNNba94mbjy2/SXJ1HDgrOkXGAjg== sha1-+Rs2eMftsrqoEhyUg8Zk+m8K78E="
  "resolved" "https://registry.npm.taobao.org/rc-checkbox/download/rc-checkbox-2.3.2.tgz"
  "version" "2.3.2"
  dependencies:
    "@babel/runtime" "^7.10.1"
    "classnames" "^2.2.1"

"rc-collapse@~3.1.0":
  "integrity" "sha512-/oetKApTHzGGeR8Q8vD168EXkCs2MpEIrURGyy2D+LrrJd29LY/huuIMvOiJoSV6W3bcGhJqIdgHtg1Dxn1smA== sha1-JCHUVOhXgdHPLwT5BpGOBnfXeeY="
  "resolved" "https://registry.nlark.com/rc-collapse/download/rc-collapse-3.1.1.tgz"
  "version" "3.1.1"
  dependencies:
    "@babel/runtime" "^7.10.1"
    "classnames" "2.x"
    "rc-motion" "^2.3.4"
    "rc-util" "^5.2.1"
    "shallowequal" "^1.1.0"

"rc-dialog@~8.5.0", "rc-dialog@~8.5.1":
  "integrity" "sha512-zoamT8L6+rBwnwjPlrZRxiHCHQXrTcWZD3a6ruoqEdUKP1KgO0eSjMDH9WlF3WEPYMVnb2G5SrjHrhnwgPDu5w== sha1-hPsfdjfdiq3XCbqQXqwqOi4H0hs="
  "resolved" "https://registry.nlark.com/rc-dialog/download/rc-dialog-8.5.3.tgz"
  "version" "8.5.3"
  dependencies:
    "@babel/runtime" "^7.10.1"
    "classnames" "^2.2.6"
    "rc-motion" "^2.3.0"
    "rc-util" "^5.6.1"

"rc-drawer@~4.3.0":
  "integrity" "sha512-GMfFy4maqxS9faYXEhQ+0cA1xtkddEQzraf6SAdzWbn444DrrLogwYPk1NXSpdXjLCLxgxOj9MYtyYG42JsfXg== sha1-NWMzp68Bt3er1oXJbCzmLvtE8/M="
  "resolved" "https://registry.nlark.com/rc-drawer/download/rc-drawer-4.3.1.tgz"
  "version" "4.3.1"
  dependencies:
    "@babel/runtime" "^7.10.1"
    "classnames" "^2.2.6"
    "rc-util" "^5.7.0"

"rc-dropdown@^3.2.0", "rc-dropdown@~3.2.0":
  "integrity" "sha512-j1HSw+/QqlhxyTEF6BArVZnTmezw2LnSmRk6I9W7BCqNCKaRwleRmMMs1PHbuaG8dKHVqP6e21RQ7vPBLVnnNw== sha1-2mwq2kA4QrruOp6Qmgsakbo+EJA="
  "resolved" "https://registry.nlark.com/rc-dropdown/download/rc-dropdown-3.2.0.tgz"
  "version" "3.2.0"
  dependencies:
    "@babel/runtime" "^7.10.1"
    "classnames" "^2.2.6"
    "rc-trigger" "^5.0.4"

"rc-field-form@~1.20.0":
  "integrity" "sha512-f64KEZop7zSlrG4ef/PLlH12SLn6iHDQ3sTG+RfKBM45hikwV1i8qMf53xoX12NvXXWg1VwchggX/FSso4bWaA== sha1-0cUYiBB88HW0JwS3tXW++Ew1kpE="
  "resolved" "https://registry.nlark.com/rc-field-form/download/rc-field-form-1.20.1.tgz"
  "version" "1.20.1"
  dependencies:
    "@babel/runtime" "^7.8.4"
    "async-validator" "^3.0.3"
    "rc-util" "^5.8.0"

"rc-image@~5.2.4":
  "integrity" "sha512-kWOjhZC1OoGKfvWqtDoO9r8WUNswBwnjcstI6rf7HMudz0usmbGvewcWqsOhyaBRJL9+I4eeG+xiAoxV1xi75Q== sha1-/xBZ+Te95sqRjG8b6zFr66kR8lU="
  "resolved" "https://registry.npm.taobao.org/rc-image/download/rc-image-5.2.4.tgz"
  "version" "5.2.4"
  dependencies:
    "@babel/runtime" "^7.11.2"
    "classnames" "^2.2.6"
    "rc-dialog" "~8.5.0"
    "rc-util" "^5.0.6"

"rc-input-number@~7.1.0":
  "integrity" "sha512-EG4iqkqyqzLRu/Dq+fw2od7nlgvXLEatE+J6uhi3HXE1qlM3C7L6a7o/hL9Ly9nimkES2IeQoj3Qda3I0izj3Q== sha1-nXQQyR/43GOE0CM8IN8niYKYn5o="
  "resolved" "https://registry.nlark.com/rc-input-number/download/rc-input-number-7.1.4.tgz"
  "version" "7.1.4"
  dependencies:
    "@babel/runtime" "^7.10.1"
    "classnames" "^2.2.5"
    "rc-util" "^5.9.8"

"rc-mentions@~1.6.1":
  "integrity" "sha512-LDzGI8jJVGnkhpTZxZuYBhMz3avcZZqPGejikchh97xPni/g4ht714Flh7DVvuzHQ+BoKHhIjobHnw1rcP8erg== sha1-RgNQJ9ZKoz74QLoPvUEYceNGF64="
  "resolved" "https://registry.nlark.com/rc-mentions/download/rc-mentions-1.6.1.tgz"
  "version" "1.6.1"
  dependencies:
    "@babel/runtime" "^7.10.1"
    "classnames" "^2.2.6"
    "rc-menu" "^9.0.0"
    "rc-textarea" "^0.3.0"
    "rc-trigger" "^5.0.4"
    "rc-util" "^5.0.1"

"rc-menu@^9.0.0", "rc-menu@~9.0.12":
  "integrity" "sha512-8uy47DL36iDEwVZdUO/fjhhW5+4j0tYlrCsOzw6iy8MJqKL7/HC2pj7sL/S9ayp2+hk9fYQYB9Tu+UN+N2OOOQ== sha1-SSxLsHpZbizgdYfGabJ+4ow4EMU="
  "resolved" "https://registry.nlark.com/rc-menu/download/rc-menu-9.0.12.tgz"
  "version" "9.0.12"
  dependencies:
    "@babel/runtime" "^7.10.1"
    "classnames" "2.x"
    "rc-motion" "^2.4.3"
    "rc-overflow" "^1.2.0"
    "rc-trigger" "^5.1.2"
    "rc-util" "^5.12.0"
    "shallowequal" "^1.1.0"

"rc-motion@^2.0.0", "rc-motion@^2.0.1", "rc-motion@^2.2.0", "rc-motion@^2.3.0", "rc-motion@^2.3.4", "rc-motion@^2.4.0", "rc-motion@^2.4.3":
  "integrity" "sha512-ms7n1+/TZQBS0Ydd2Q5P4+wJTSOrhIrwNxLXCZpR7Fa3/oac7Yi803HDALc2hLAKaCTQtw9LmQeB58zcwOsqlQ== sha1-6ZXV+iT8kwZcJPcUhXzyZ31lW7A="
  "resolved" "https://registry.nlark.com/rc-motion/download/rc-motion-2.4.4.tgz"
  "version" "2.4.4"
  dependencies:
    "@babel/runtime" "^7.11.1"
    "classnames" "^2.2.1"
    "rc-util" "^5.2.1"

"rc-notification@~4.5.7":
  "integrity" "sha512-zhTGUjBIItbx96SiRu3KVURcLOydLUHZCPpYEn1zvh+re//Tnq/wSxN4FKgp38n4HOgHSVxcLEeSxBMTeBBDdw== sha1-Jl5uagwaD6xj1qvU2DLrj/MVIvE="
  "resolved" "https://registry.nlark.com/rc-notification/download/rc-notification-4.5.7.tgz"
  "version" "4.5.7"
  dependencies:
    "@babel/runtime" "^7.10.1"
    "classnames" "2.x"
    "rc-motion" "^2.2.0"
    "rc-util" "^5.0.1"

"rc-overflow@^1.0.0", "rc-overflow@^1.2.0":
  "integrity" "sha512-X5kj9LDU1ue5wHkqvCprJWLKC+ZLs3p4He/oxjZ1Q4NKaqKBaYf5OdSzRSgh3WH8kSdrfU8LjvlbWnHgJOEkNQ== sha1-lbAiIBbAzb3A24X1acJi53BqXyI="
  "resolved" "https://registry.nlark.com/rc-overflow/download/rc-overflow-1.2.2.tgz"
  "version" "1.2.2"
  dependencies:
    "@babel/runtime" "^7.11.1"
    "classnames" "^2.2.1"
    "rc-resize-observer" "^1.0.0"
    "rc-util" "^5.5.1"

"rc-pagination@~3.1.6":
  "integrity" "sha512-sl0HGVhv6AsMzA5H3q7cBQcbAGj/sFjoiDSLvq3+/4IjihPqScZnSSiqR4Wu9G8RLgNjrBnGrSdTGO2Kyrt3IA== sha1-E7oHGn/LDHmJYHaAbzlEZT578p4="
  "resolved" "https://registry.nlark.com/rc-pagination/download/rc-pagination-3.1.7.tgz"
  "version" "3.1.7"
  dependencies:
    "@babel/runtime" "^7.10.1"
    "classnames" "^2.2.1"

"rc-picker@~2.5.10":
  "integrity" "sha512-+tGDsrZQxwv1pLKYulaYqmTIXOdOCj2Lcl1mAt5C7Z6WYvWYYi9VF/tVgOznN7tMFUj65qgT+pue6RjRluVk1g== sha1-36kZ9/fMcklt9FyxytnIKtL8AZs="
  "resolved" "https://registry.nlark.com/rc-picker/download/rc-picker-2.5.14.tgz"
  "version" "2.5.14"
  dependencies:
    "@babel/runtime" "^7.10.1"
    "classnames" "^2.2.1"
    "date-fns" "2.x"
    "dayjs" "1.x"
    "moment" "^2.24.0"
    "rc-trigger" "^5.0.4"
    "rc-util" "^5.4.0"
    "shallowequal" "^1.1.0"

"rc-progress@~3.1.0":
  "integrity" "sha512-XBAif08eunHssGeIdxMXOmRQRULdHaDdIFENQ578CMb4dyewahmmfJRyab+hw4KH4XssEzzYOkAInTLS7JJG+Q== sha1-ZgQND659jO0rOFiDeOzLKGS61hU="
  "resolved" "https://registry.nlark.com/rc-progress/download/rc-progress-3.1.4.tgz"
  "version" "3.1.4"
  dependencies:
    "@babel/runtime" "^7.10.1"
    "classnames" "^2.2.6"

"rc-rate@~2.9.0":
  "integrity" "sha512-MmIU7FT8W4LYRRHJD1sgG366qKtSaKb67D0/vVvJYR0lrCuRrCiVQ5qhfT5ghVO4wuVIORGpZs7ZKaYu+KMUzA== sha1-5Dy5XE65CiweCxbsZhTYxDUwpzE="
  "resolved" "https://registry.npm.taobao.org/rc-rate/download/rc-rate-2.9.1.tgz"
  "version" "2.9.1"
  dependencies:
    "@babel/runtime" "^7.10.1"
    "classnames" "^2.2.5"
    "rc-util" "^5.0.1"

"rc-resize-observer@^1.0.0":
  "integrity" "sha512-RgKGukg1mlzyGdvzF7o/LGFC8AeoMH9aGzXTUdp6m+OApvmRdUuOscq/Y2O45cJA+rXt1ApWlpFoOIioXL3AGg== sha1-l/uJhW9i/sMqtuQJM5Nc9Y4uEC0="
  "resolved" "https://registry.nlark.com/rc-resize-observer/download/rc-resize-observer-1.0.0.tgz"
  "version" "1.0.0"
  dependencies:
    "@babel/runtime" "^7.10.1"
    "classnames" "^2.2.1"
    "rc-util" "^5.0.0"
    "resize-observer-polyfill" "^1.5.1"

"rc-select@^12.0.0", "rc-select@~12.1.6":
  "integrity" "sha512-cPI+aesP6dgCAaey4t4upDbEukJe+XN0DK6oO/6flcCX5o28o7KNZD7JAiVtC/6fCwqwI/kSs7S/43dvHmBl+A== sha1-wzVgzLkznTBpW1JFj1Xvw1rzUnM="
  "resolved" "https://registry.nlark.com/rc-select/download/rc-select-12.1.13.tgz"
  "version" "12.1.13"
  dependencies:
    "@babel/runtime" "^7.10.1"
    "classnames" "2.x"
    "rc-motion" "^2.0.1"
    "rc-overflow" "^1.0.0"
    "rc-trigger" "^5.0.4"
    "rc-util" "^5.9.8"
    "rc-virtual-list" "^3.2.0"

"rc-slider@~9.7.1":
  "integrity" "sha512-mVaLRpDo6otasBs6yVnG02ykI3K6hIrLTNfT5eyaqduFv95UODI9PDS6fWuVVehVpdS4ENgOSwsTjrPVun+k9g== sha1-KC9XH3WCdS66ozlk5EEYT055rXQ="
  "resolved" "https://registry.npm.taobao.org/rc-slider/download/rc-slider-9.7.2.tgz"
  "version" "9.7.2"
  dependencies:
    "@babel/runtime" "^7.10.1"
    "classnames" "^2.2.5"
    "rc-tooltip" "^5.0.1"
    "rc-util" "^5.0.0"
    "shallowequal" "^1.1.0"

"rc-steps@~4.1.0":
  "integrity" "sha512-GXrMfWQOhN3sVze3JnzNboHpQdNHcdFubOETUHyDpa/U3HEKBZC3xJ8XK4paBgF4OJ3bdUVLC+uBPc6dCxvDYA== sha1-IIWA4i22GeODDdt/pBvIhsZdmAM="
  "resolved" "https://registry.npm.taobao.org/rc-steps/download/rc-steps-4.1.3.tgz"
  "version" "4.1.3"
  dependencies:
    "@babel/runtime" "^7.10.2"
    "classnames" "^2.2.3"
    "rc-util" "^5.0.1"

"rc-switch@~3.2.0":
  "integrity" "sha512-+gUJClsZZzvAHGy1vZfnwySxj+MjLlGRyXKXScrtCTcmiYNPzxDFOxdQ/3pK1Kt/0POvwJ/6ALOR8gwdXGhs+A== sha1-0AH3fxJmTVJZW09vtCXdnmb7qOg="
  "resolved" "https://registry.npm.taobao.org/rc-switch/download/rc-switch-3.2.2.tgz"
  "version" "3.2.2"
  dependencies:
    "@babel/runtime" "^7.10.1"
    "classnames" "^2.2.1"
    "rc-util" "^5.0.1"

"rc-table@~7.15.1":
  "integrity" "sha512-TAs7kCpIZwc2mtvD8CMrXSM6TqJDUsy0rUEV1YgRru33T8bjtAtc+9xW/KC1VWROJlHSpU0R0kXjFs9h/6+IzQ== sha1-9qtzss+xx288+WgshVVhQjxrWyI="
  "resolved" "https://registry.nlark.com/rc-table/download/rc-table-7.15.2.tgz"
  "version" "7.15.2"
  dependencies:
    "@babel/runtime" "^7.10.1"
    "classnames" "^2.2.5"
    "rc-resize-observer" "^1.0.0"
    "rc-util" "^5.13.0"
    "shallowequal" "^1.1.0"

"rc-tabs@~11.9.1":
  "integrity" "sha512-CLNx3qaWnO8KBWPd+7r52Pfk0MoPyKtlr+2ltWq2I9iqAjd1nZu6iBpQP7wbWBwIomyeFNw/WjHdRN7VcX5Qtw== sha1-Wy502ponaXjCFy75oFrorxTadMs="
  "resolved" "https://registry.nlark.com/rc-tabs/download/rc-tabs-11.9.1.tgz"
  "version" "11.9.1"
  dependencies:
    "@babel/runtime" "^7.11.2"
    "classnames" "2.x"
    "rc-dropdown" "^3.2.0"
    "rc-menu" "^9.0.0"
    "rc-resize-observer" "^1.0.0"
    "rc-util" "^5.5.0"

"rc-textarea@^0.3.0", "rc-textarea@~0.3.0":
  "integrity" "sha512-ILUYx831ZukQPv3m7R4RGRtVVWmL1LV4ME03L22mvT56US0DGCJJaRTHs4vmpcSjFHItph5OTmhodY4BOwy81A== sha1-FAimTIe15221yEdpnvmrXul91vk="
  "resolved" "https://registry.npm.taobao.org/rc-textarea/download/rc-textarea-0.3.4.tgz"
  "version" "0.3.4"
  dependencies:
    "@babel/runtime" "^7.10.1"
    "classnames" "^2.2.1"
    "rc-resize-observer" "^1.0.0"
    "rc-util" "^5.7.0"

"rc-tooltip@^5.0.1", "rc-tooltip@~5.1.1":
  "integrity" "sha512-alt8eGMJulio6+4/uDm7nvV+rJq9bsfxFDCI0ljPdbuoygUscbsMYb6EQgwib/uqsXQUvzk+S7A59uYHmEgmDA== sha1-lBeO0WLQJSvEmTtyX13CrA/M8VQ="
  "resolved" "https://registry.nlark.com/rc-tooltip/download/rc-tooltip-5.1.1.tgz"
  "version" "5.1.1"
  dependencies:
    "@babel/runtime" "^7.11.2"
    "rc-trigger" "^5.0.0"

"rc-tree-select@~4.3.0":
  "integrity" "sha512-0tilOHLJA6p+TNg4kD559XnDX3PTEYuoSF7m7ryzFLAYvdEEPtjn0QZc5z6L0sMKBiBlj8a2kf0auw8XyHU3lA== sha1-KOuk2KjcjA+bYdg85GWEKmkV7KQ="
  "resolved" "https://registry.nlark.com/rc-tree-select/download/rc-tree-select-4.3.3.tgz"
  "version" "4.3.3"
  dependencies:
    "@babel/runtime" "^7.10.1"
    "classnames" "2.x"
    "rc-select" "^12.0.0"
    "rc-tree" "^4.0.0"
    "rc-util" "^5.0.5"

"rc-tree@^4.0.0", "rc-tree@~4.2.1":
  "integrity" "sha512-V1hkJt092VrOVjNyfj5IYbZKRMHxWihZarvA5hPL/eqm7o2+0SNkeidFYm7LVVBrAKBpOpa0l8xt04uiqOd+6w== sha1-RCkYfLv77L6YlxSmB+Peizq3dj8="
  "resolved" "https://registry.nlark.com/rc-tree/download/rc-tree-4.2.2.tgz"
  "version" "4.2.2"
  dependencies:
    "@babel/runtime" "^7.10.1"
    "classnames" "2.x"
    "rc-motion" "^2.0.1"
    "rc-util" "^5.0.0"
    "rc-virtual-list" "^3.0.1"

"rc-trigger@^5.0.0", "rc-trigger@^5.0.4", "rc-trigger@^5.1.2", "rc-trigger@^5.2.1":
  "integrity" "sha512-0Bxsh2Xe+etejMn73am+jZBcOpsueAZiEKLiGoDfA0fvm/JHLNOiiww3zJ0qgyPOTmbYxhsxFcGOZu+VcbaZhQ== sha1-eVp4fSsDg0fc3ie4mkpc7I/EDz4="
  "resolved" "https://registry.nlark.com/rc-trigger/download/rc-trigger-5.2.9.tgz"
  "version" "5.2.9"
  dependencies:
    "@babel/runtime" "^7.11.2"
    "classnames" "^2.2.6"
    "rc-align" "^4.0.0"
    "rc-motion" "^2.0.0"
    "rc-util" "^5.5.0"

"rc-upload@~4.3.0":
  "integrity" "sha512-W8Iyv0LRyEnFEzpv90ET/i1XG2jlPzPxKkkOVtDfgh9c3f4lZV770vgpUfiyQza+iLtQLVco3qIvgue8aDiOsQ== sha1-1u5muL0eHdL3hSbEhlOEI/fn7YQ="
  "resolved" "https://registry.nlark.com/rc-upload/download/rc-upload-4.3.1.tgz"
  "version" "4.3.1"
  dependencies:
    "@babel/runtime" "^7.10.1"
    "classnames" "^2.2.5"
    "rc-util" "^5.2.0"

"rc-util@^5.0.0", "rc-util@^5.0.1", "rc-util@^5.0.5", "rc-util@^5.0.6", "rc-util@^5.0.7", "rc-util@^5.12.0", "rc-util@^5.13.0", "rc-util@^5.13.1", "rc-util@^5.2.0", "rc-util@^5.2.1", "rc-util@^5.3.0", "rc-util@^5.4.0", "rc-util@^5.5.0", "rc-util@^5.5.1", "rc-util@^5.6.1", "rc-util@^5.7.0", "rc-util@^5.8.0", "rc-util@^5.9.4", "rc-util@^5.9.8":
  "integrity" "sha512-eYc71XXGlp96RMzg01Mhq/T3BL6OOVTDSS0urFEuvpi+e7slhJRhaHGCKy2hqJm18m9ff7VoRoptplKu60dYog== sha1-qKC7d3QzUYQbqL7WOT4DuNL2hcg="
  "resolved" "https://registry.nlark.com/rc-util/download/rc-util-5.13.2.tgz"
  "version" "5.13.2"
  dependencies:
    "@babel/runtime" "^7.12.5"
    "react-is" "^16.12.0"
    "shallowequal" "^1.1.0"

"rc-virtual-list@^3.0.1", "rc-virtual-list@^3.2.0":
  "integrity" "sha512-lVXpGWC6yMdwV2SHo6kc63WlqjCnb3eO72V726KA2/wh9KA6wi/swcdR3zAowuA8hJxG/lRANmY5kpLZ+Pz3iQ== sha1-L5Wm3bv2PXiyhmK1fx5p90cnYv4="
  "resolved" "https://registry.nlark.com/rc-virtual-list/download/rc-virtual-list-3.3.0.tgz"
  "version" "3.3.0"
  dependencies:
    "classnames" "^2.2.6"
    "rc-resize-observer" "^1.0.0"
    "rc-util" "^5.0.7"

"react-is@^16.12.0":
  "integrity" "sha512-24e6ynE2H+OKt4kqsOvNd8kBpV65zoxbA4BVsEOB3ARVWQki/DHzaUoC5KuON/BiccDaCCTZBuOcfZs70kR8bQ== sha1-eJcppNw23imZ3BVt1sHZwYzqVqQ="
  "resolved" "https://registry.nlark.com/react-is/download/react-is-16.13.1.tgz"
  "version" "16.13.1"

"react@^17.0.2":
  "integrity" "sha512-gnhPt75i/dq/z3/6q/0asP78D0u592D5L1pd7M8P+dck6Fu/jJeL6iVVK23fptSUZj8Vjf++7wXA8UNclGQcbA== sha1-0LXMUW0p6z7uOD91tihkz7aAADc="
  "resolved" "https://registry.nlark.com/react/download/react-17.0.2.tgz"
  "version" "17.0.2"
  dependencies:
    "loose-envify" "^1.1.0"
    "object-assign" "^4.1.1"

"regenerator-runtime@^0.13.4":
  "integrity" "sha512-a54FxoJDIr27pgf7IgeQGxmqUNYrcV338lf/6gH456HZ/PhX+5BcwHXG9ajESmwe6WRO0tAzRUrRmNONWgkrew== sha1-ysLazIoepnX+qrrriugziYrkb1U="
  "resolved" "https://registry.nlark.com/regenerator-runtime/download/regenerator-runtime-0.13.7.tgz"
  "version" "0.13.7"

"resize-observer-polyfill@^1.5.0", "resize-observer-polyfill@^1.5.1":
  "integrity" "sha512-LwZrotdHOo12nQuZlHEmtuXdqGoOD0OhaxopaNFxWzInpEgaLWoVuAMbTzixuosCx2nEG58ngzW3vxdWoxIgdg== sha1-DpAg3T0hAkRY1OvSfiPkAmmBBGQ="
  "resolved" "https://registry.npm.taobao.org/resize-observer-polyfill/download/resize-observer-polyfill-1.5.1.tgz"
  "version" "1.5.1"

"rimraf@^3.0.2":
  "integrity" "sha1-8aVAK6YiCtUswSgrrBrjqkn9Bho="
  "resolved" "https://registry.npm.taobao.org/rimraf/download/rimraf-3.0.2.tgz"
  "version" "3.0.2"
  dependencies:
    "glob" "^7.1.3"

"scroll-into-view-if-needed@^2.2.25":
  "integrity" "sha512-8LuxJSuFVc92+0AdNv4QOxRL4Abeo1DgLnGNkn1XlaujPH/3cCFz3QI60r2VNu4obJJROzgnIUw5TKQkZvZI1w== sha1-WhWy9YpSZCyIyOylhGROAXA9ZFo="
  "resolved" "https://registry.npm.taobao.org/scroll-into-view-if-needed/download/scroll-into-view-if-needed-2.2.28.tgz"
  "version" "2.2.28"
  dependencies:
    "compute-scroll-into-view" "^1.0.17"

"shallowequal@^1.1.0":
  "integrity" "sha512-y0m1JoUZSlPAjXVtPPW70aZWfIL/dSP7AFkRnniLCrK/8MDKog3TySTBmckD+RObVxH0v4Tox67+F14PdED2oQ== sha1-GI1SHelbkIdAT9TctosT3wrk5/g="
  "resolved" "https://registry.npm.taobao.org/shallowequal/download/shallowequal-1.1.0.tgz"
  "version" "1.1.0"

"string-convert@^0.2.0":
  "integrity" "sha1-aYLMMEn7tM2F+LJFaLnZvznu/5c="
  "resolved" "https://registry.npm.taobao.org/string-convert/download/string-convert-0.2.1.tgz"
  "version" "0.2.1"

"toggle-selection@^1.0.6":
  "integrity" "sha1-bkWxJj8gF/oKzH2J14sVuL932jI="
  "resolved" "https://registry.npm.taobao.org/toggle-selection/download/toggle-selection-1.0.6.tgz"
  "version" "1.0.6"

"typescript@^4.3.5":
  "integrity" "sha1-TRw3zBbok5c8RaBohrcRMjTxGfQ="
  "resolved" "https://registry.nlark.com/typescript/download/typescript-4.3.5.tgz"
  "version" "4.3.5"

"warning@^4.0.1", "warning@^4.0.3":
  "integrity" "sha512-rpJyN222KWIvHJ/F53XSZv0Zl/accqHR8et1kpaMTD/fLCRxtV8iX8czMzY7sVZupTI3zcUTg8eycS2kNF9l6w== sha1-Fungd+uKhtavfWSqHgX9hbRnjKM="
  "resolved" "https://registry.nlark.com/warning/download/warning-4.0.3.tgz"
  "version" "4.0.3"
  dependencies:
    "loose-envify" "^1.0.0"

"wrappy@1":
  "integrity" "sha1-tSQ9jz7BqjXxNkYFvA0QNuMKtp8="
  "resolved" "https://registry.nlark.com/wrappy/download/wrappy-1.0.2.tgz"
  "version" "1.0.2"
